// !$*UTF8*$!
{
	archiveVersion = 1;
	classes = {
	};
	objectVersion = 50;
	objects = {

/* Begin PBXBuildFile section */
		401A55381D0A0F450017AE2C /* libHpsEvent.dylib in Frameworks */ = {isa = PBXBuildFile; fileRef = 401A55371D0A0F450017AE2C /* libHpsEvent.dylib */; };
		4043971D1D41393300CA0FCA /* BaseAna_LinkDef.h in Sources */ = {isa = PBXBuildFile; fileRef = 40BE712B1CEF912D002ADB25 /* BaseAna_LinkDef.h */; };
		4043971F1D415E3800CA0FCA /* Counter.h in Headers */ = {isa = PBXBuildFile; fileRef = 4043971E1D415E3800CA0FCA /* Counter.h */; };
		404397211D415FC500CA0FCA /* Counter.cpp in Sources */ = {isa = PBXBuildFile; fileRef = 404397201D415FC500CA0FCA /* Counter.cpp */; };
		40B565441D41320700151E1D /* FEESelector.cpp in Sources */ = {isa = PBXBuildFile; fileRef = 40B565421D41320700151E1D /* FEESelector.cpp */; };
		40B565451D41320700151E1D /* FEESelector.h in Headers */ = {isa = PBXBuildFile; fileRef = 40B565431D41320700151E1D /* FEESelector.h */; };
		40B565481D41346800151E1D /* BaseAna_LinkDef.h in Headers */ = {isa = PBXBuildFile; fileRef = 40BE712B1CEF912D002ADB25 /* BaseAna_LinkDef.h */; };
		40BE71201CEF9030002ADB25 /* BaseAna.h in Headers */ = {isa = PBXBuildFile; fileRef = 40BE711F1CEF9030002ADB25 /* BaseAna.h */; };
		40BE71241CEF9030002ADB25 /* BaseAna.cpp in Sources */ = {isa = PBXBuildFile; fileRef = 40BE71231CEF9030002ADB25 /* BaseAna.cpp */; };
		40FB9B71220FAFA800DAF07D /* main.cpp in Sources */ = {isa = PBXBuildFile; fileRef = 40FB9B70220FAFA800DAF07D /* main.cpp */; };
		40FB9B75220FB14400DAF07D /* libBaseAna.dylib in Frameworks */ = {isa = PBXBuildFile; fileRef = 40BE711C1CEF9030002ADB25 /* libBaseAna.dylib */; };
/* End PBXBuildFile section */

/* Begin PBXBuildRule section */
		40BE71321CEFAC91002ADB25 /* PBXBuildRule */ = {
			isa = PBXBuildRule;
			compilerSpec = com.apple.compilers.proxy.script;
			filePatterns = "*_LinkDef.h";
			fileType = pattern.proxy;
			isEditable = 1;
			name = "Create Dictionaries from '*.h'";
			outputFiles = (
				"$(DERIVED_FILE_DIR)/${PRODUCT_MODULE_NAME}Dict_rdict.pcm",
				"$(DERIVED_FILE_DIR)/${PRODUCT_MODULE_NAME}Dict.cpp",
			);
			outputFilesCompilerFlags = (
				"",
				"-Wno-conversion",
			);
			script = "#\n# Script to create the dictionary for a multi class LinkDef file.\n# The names of the header files are extracted from the LinkDef file.\n# The name of the dictionary files will be based on the PRODUCT_MODULE_NAME\n#\necho \"INPUT_FILE_NAME = ${INPUT_FILE_NAME}\"\necho \"INPUT_FILE_BASE = ${INPUT_FILE_BASE}\"\necho \"PRODUCT_MODULE_NAME = ${PRODUCT_MODULE_NAME}\"\nHEADER_LIST=`cat ${INPUT_FILE_DIR}/${INPUT_FILE_NAME} | gawk '/pragma *link *C++.*class /{a=$5;print gensub(/+;/,\"\",\"g\",a)\".h\" }' `\necho \"HEADER_LIST = ${HEADER_LIST}\"\nHEADER_LIST_FULL=`for i in $HEADER_LIST; do echo ${INPUT_FILE_DIR}/${i}; done`\necho \"HEADER_LIST_FULL = ${HEADER_LIST_FULL}\"\necho ${ROOTSYS}/bin/rootcint -f ${DERIVED_FILE_DIR}/${PRODUCT_MODULE_NAME}Dict.cpp -c -p -I${HEADER_SEARCH_PATHS// / -I} ${HEADER_LIST_FULL} ${INPUT_FILE_DIR}/${INPUT_FILE_NAME}\n\n${ROOTSYS}/bin/rootcint -f ${DERIVED_FILE_DIR}/${PRODUCT_MODULE_NAME}Dict.cpp -c -p -I${HEADER_SEARCH_PATHS// / -I} ${HEADER_LIST_FULL} ${INPUT_FILE_DIR}/${INPUT_FILE_NAME}\n\n\n# For ROOT 6 copy the pcm file to the LIB install path.\ntest -d ${DYLIB_INSTALL_NAME_BASE} || mkdir -p ${DYLIB_INSTALL_NAME_BASE}\ntest -d ${BUILT_PRODUCTS_DIR} || mkdir -p ${BUILT_PRODUCTS_DIR}\n# ls ${DERIVED_FILE_DIR}\n# This puts the pcm files in the ${DSTROOT}/${INSTALL_PATH} directory.\necho \"Send dict file to: \" ${DYLIB_INSTALL_NAME_BASE}\nif test -r ${DERIVED_FILE_DIR}/${PRODUCT_MODULE_NAME}Dict_rdict.pcm; then cp -f ${DERIVED_FILE_DIR}/${PRODUCT_MODULE_NAME}Dict_rdict.pcm ${DYLIB_INSTALL_NAME_BASE}/${PRODUCT_MODULE_NAME}Dict_rdict.pcm ; fi\n# cp  ${DERIVED_FILE_DIR}/${DICT_BASE_NAME}Dict_rdict.pcm ${DYLIB_INSTALL_NAME_BASE}\n# This send the pcm files to to build product dir\necho \"Send file rdict.pcm to: \" ${BUILT_PRODUCTS_DIR}\nif test -r ${DERIVED_FILE_DIR}/${PRODUCT_MODULE_NAME}Dict_rdict.pcm; then cp -f ${DERIVED_FILE_DIR}/${PRODUCT_MODULE_NAME}Dict_rdict.pcm ${BUILT_PRODUCTS_DIR}/${PRODUCT_MODULE_NAME}Dict_rdict.pcm ; fi\n";
		};
/* End PBXBuildRule section */

/* Begin PBXCopyFilesBuildPhase section */
		402314831D074AEB00396BE5 /* CopyFiles */ = {
			isa = PBXCopyFilesBuildPhase;
			buildActionMask = 2147483647;
			dstPath = "";
			dstSubfolderSpec = 6;
			files = (
			);
			runOnlyForDeploymentPostprocessing = 0;
		};
		40FB9B6C220FAFA800DAF07D /* CopyFiles */ = {
			isa = PBXCopyFilesBuildPhase;
			buildActionMask = 2147483647;
			dstPath = /usr/share/man/man1/;
			dstSubfolderSpec = 0;
			files = (
			);
			runOnlyForDeploymentPostprocessing = 1;
		};
/* End PBXCopyFilesBuildPhase section */

/* Begin PBXFileReference section */
		401A55371D0A0F450017AE2C /* libHpsEvent.dylib */ = {isa = PBXFileReference; lastKnownFileType = "compiled.mach-o.dylib"; name = libHpsEvent.dylib; path = ../Release/libHpsEvent.dylib; sourceTree = "<group>"; };
		4043971E1D415E3800CA0FCA /* Counter.h */ = {isa = PBXFileReference; fileEncoding = 4; lastKnownFileType = sourcecode.c.h; path = Counter.h; sourceTree = "<group>"; };
		404397201D415FC500CA0FCA /* Counter.cpp */ = {isa = PBXFileReference; fileEncoding = 4; lastKnownFileType = sourcecode.cpp.cpp; path = Counter.cpp; sourceTree = "<group>"; };
		40B565421D41320700151E1D /* FEESelector.cpp */ = {isa = PBXFileReference; fileEncoding = 4; lastKnownFileType = sourcecode.cpp.cpp; path = FEESelector.cpp; sourceTree = "<group>"; };
		40B565431D41320700151E1D /* FEESelector.h */ = {isa = PBXFileReference; fileEncoding = 4; lastKnownFileType = sourcecode.c.h; path = FEESelector.h; sourceTree = "<group>"; };
		40BE711C1CEF9030002ADB25 /* libBaseAna.dylib */ = {isa = PBXFileReference; explicitFileType = "compiled.mach-o.dylib"; includeInIndex = 0; path = libBaseAna.dylib; sourceTree = BUILT_PRODUCTS_DIR; };
		40BE711F1CEF9030002ADB25 /* BaseAna.h */ = {isa = PBXFileReference; lastKnownFileType = sourcecode.c.h; path = BaseAna.h; sourceTree = "<group>"; };
		40BE71231CEF9030002ADB25 /* BaseAna.cpp */ = {isa = PBXFileReference; lastKnownFileType = sourcecode.cpp.cpp; path = BaseAna.cpp; sourceTree = "<group>"; };
		40BE712B1CEF912D002ADB25 /* BaseAna_LinkDef.h */ = {isa = PBXFileReference; lastKnownFileType = sourcecode.c.h; path = BaseAna_LinkDef.h; sourceTree = "<group>"; };
		40BE712C1CEF9279002ADB25 /* BaseAna.xcconfig */ = {isa = PBXFileReference; lastKnownFileType = text.xcconfig; path = BaseAna.xcconfig; sourceTree = "<group>"; };
		40DA52D721C490E40035D296 /* libevent.dylib */ = {isa = PBXFileReference; explicitFileType = "compiled.mach-o.dylib"; path = libevent.dylib; sourceTree = BUILT_PRODUCTS_DIR; };
		40FB9B6E220FAFA800DAF07D /* libTest_BaseAna */ = {isa = PBXFileReference; explicitFileType = "compiled.mach-o.executable"; includeInIndex = 0; path = libTest_BaseAna; sourceTree = BUILT_PRODUCTS_DIR; };
		40FB9B70220FAFA800DAF07D /* main.cpp */ = {isa = PBXFileReference; lastKnownFileType = sourcecode.cpp.cpp; path = main.cpp; sourceTree = "<group>"; };
/* End PBXFileReference section */

/* Begin PBXFrameworksBuildPhase section */
		40BE71191CEF9030002ADB25 /* Frameworks */ = {
			isa = PBXFrameworksBuildPhase;
			buildActionMask = 2147483647;
			files = (
				401A55381D0A0F450017AE2C /* libHpsEvent.dylib in Frameworks */,
			);
			runOnlyForDeploymentPostprocessing = 0;
		};
		40FB9B6B220FAFA800DAF07D /* Frameworks */ = {
			isa = PBXFrameworksBuildPhase;
			buildActionMask = 2147483647;
			files = (
				40FB9B75220FB14400DAF07D /* libBaseAna.dylib in Frameworks */,
			);
			runOnlyForDeploymentPostprocessing = 0;
		};
/* End PBXFrameworksBuildPhase section */

/* Begin PBXGroup section */
		40BE71131CEF9030002ADB25 = {
			isa = PBXGroup;
			children = (
				401A55371D0A0F450017AE2C /* libHpsEvent.dylib */,
				40BE712A1CEF90A5002ADB25 /* Config */,
				40BE711E1CEF9030002ADB25 /* BaseAna */,
				40FB9B6F220FAFA800DAF07D /* Test_BaseAna */,
				40BE711D1CEF9030002ADB25 /* Products */,
				40DA52D621C490E40035D296 /* Frameworks */,
			);
			sourceTree = "<group>";
		};
		40BE711D1CEF9030002ADB25 /* Products */ = {
			isa = PBXGroup;
			children = (
				40BE711C1CEF9030002ADB25 /* libBaseAna.dylib */,
				40FB9B6E220FAFA800DAF07D /* libTest_BaseAna */,
			);
			name = Products;
			sourceTree = "<group>";
		};
		40BE711E1CEF9030002ADB25 /* BaseAna */ = {
			isa = PBXGroup;
			children = (
				40BE712B1CEF912D002ADB25 /* BaseAna_LinkDef.h */,
				40BE711F1CEF9030002ADB25 /* BaseAna.h */,
				40BE71231CEF9030002ADB25 /* BaseAna.cpp */,
				40B565431D41320700151E1D /* FEESelector.h */,
				40B565421D41320700151E1D /* FEESelector.cpp */,
				4043971E1D415E3800CA0FCA /* Counter.h */,
				404397201D415FC500CA0FCA /* Counter.cpp */,
			);
			path = BaseAna;
			sourceTree = "<group>";
		};
		40BE712A1CEF90A5002ADB25 /* Config */ = {
			isa = PBXGroup;
			children = (
				40BE712C1CEF9279002ADB25 /* BaseAna.xcconfig */,
			);
			name = Config;
			sourceTree = "<group>";
		};
		40DA52D621C490E40035D296 /* Frameworks */ = {
			isa = PBXGroup;
			children = (
				40DA52D721C490E40035D296 /* libevent.dylib */,
			);
			name = Frameworks;
			sourceTree = "<group>";
		};
		40FB9B6F220FAFA800DAF07D /* Test_BaseAna */ = {
			isa = PBXGroup;
			children = (
				40FB9B70220FAFA800DAF07D /* main.cpp */,
			);
			path = Test_BaseAna;
			sourceTree = "<group>";
		};
/* End PBXGroup section */

/* Begin PBXHeadersBuildPhase section */
		40BE711A1CEF9030002ADB25 /* Headers */ = {
			isa = PBXHeadersBuildPhase;
			buildActionMask = 2147483647;
			files = (
				40B565451D41320700151E1D /* FEESelector.h in Headers */,
				40B565481D41346800151E1D /* BaseAna_LinkDef.h in Headers */,
				40BE71201CEF9030002ADB25 /* BaseAna.h in Headers */,
				4043971F1D415E3800CA0FCA /* Counter.h in Headers */,
			);
			runOnlyForDeploymentPostprocessing = 0;
		};
/* End PBXHeadersBuildPhase section */

/* Begin PBXNativeTarget section */
		40BE711B1CEF9030002ADB25 /* BaseAna */ = {
			isa = PBXNativeTarget;
			buildConfigurationList = 40BE71271CEF9030002ADB25 /* Build configuration list for PBXNativeTarget "BaseAna" */;
			buildPhases = (
				40BE71181CEF9030002ADB25 /* Sources */,
				40BE71191CEF9030002ADB25 /* Frameworks */,
				40BE711A1CEF9030002ADB25 /* Headers */,
				402314831D074AEB00396BE5 /* CopyFiles */,
				40D3FFEA21C2FCA100381AF5 /* ShellScript */,
			);
			buildRules = (
				40BE71321CEFAC91002ADB25 /* PBXBuildRule */,
			);
			dependencies = (
			);
			name = BaseAna;
			productName = BaseAna;
			productReference = 40BE711C1CEF9030002ADB25 /* libBaseAna.dylib */;
			productType = "com.apple.product-type.library.dynamic";
		};
		40FB9B6D220FAFA800DAF07D /* Test_BaseAna */ = {
			isa = PBXNativeTarget;
			buildConfigurationList = 40FB9B74220FAFA800DAF07D /* Build configuration list for PBXNativeTarget "Test_BaseAna" */;
			buildPhases = (
				40FB9B6A220FAFA800DAF07D /* Sources */,
				40FB9B6B220FAFA800DAF07D /* Frameworks */,
				40FB9B6C220FAFA800DAF07D /* CopyFiles */,
			);
			buildRules = (
			);
			dependencies = (
			);
			name = Test_BaseAna;
			productName = Test_BaseAna;
			productReference = 40FB9B6E220FAFA800DAF07D /* libTest_BaseAna */;
			productType = "com.apple.product-type.tool";
		};
/* End PBXNativeTarget section */

/* Begin PBXProject section */
		40BE71141CEF9030002ADB25 /* Project object */ = {
			isa = PBXProject;
			attributes = {
				LastUpgradeCheck = 1010;
				ORGANIZATIONNAME = Maurik;
				TargetAttributes = {
					40BE711B1CEF9030002ADB25 = {
						CreatedOnToolsVersion = 7.3.1;
					};
					40FB9B6D220FAFA800DAF07D = {
						CreatedOnToolsVersion = 10.1;
					};
				};
			};
			buildConfigurationList = 40BE71171CEF9030002ADB25 /* Build configuration list for PBXProject "BaseAna" */;
			compatibilityVersion = "Xcode 9.3";
			developmentRegion = en;
			hasScannedForEncodings = 0;
			knownRegions = (
				en,
			);
			mainGroup = 40BE71131CEF9030002ADB25;
			productRefGroup = 40BE711D1CEF9030002ADB25 /* Products */;
			projectDirPath = "";
			projectRoot = "";
			targets = (
				40BE711B1CEF9030002ADB25 /* BaseAna */,
				40FB9B6D220FAFA800DAF07D /* Test_BaseAna */,
			);
		};
/* End PBXProject section */

/* Begin PBXShellScriptBuildPhase section */
		40D3FFEA21C2FCA100381AF5 /* ShellScript */ = {
			isa = PBXShellScriptBuildPhase;
			buildActionMask = 12;
			files = (
			);
			inputFileListPaths = (
			);
			inputPaths = (
			);
			outputFileListPaths = (
			);
			outputPaths = (
			);
			runOnlyForDeploymentPostprocessing = 0;
			shellPath = /bin/sh;
			shellScript = "echo \"Copy ${FULL_PRODUCT_NAME} to final destination.\"\ncp -v ${BUILT_PRODUCTS_DIR}/${FULL_PRODUCT_NAME} ${INSTALL_DIR}\ncp -v ${BUILT_PRODUCTS_DIR}/${PRODUCT_NAME}Dict_rdict.pcm ${INSTALL_DIR}\n";
			showEnvVarsInLog = 0;
		};
/* End PBXShellScriptBuildPhase section */

/* Begin PBXSourcesBuildPhase section */
		40BE71181CEF9030002ADB25 /* Sources */ = {
			isa = PBXSourcesBuildPhase;
			buildActionMask = 2147483647;
			files = (
				40BE71241CEF9030002ADB25 /* BaseAna.cpp in Sources */,
				40B565441D41320700151E1D /* FEESelector.cpp in Sources */,
				404397211D415FC500CA0FCA /* Counter.cpp in Sources */,
				4043971D1D41393300CA0FCA /* BaseAna_LinkDef.h in Sources */,
			);
			runOnlyForDeploymentPostprocessing = 0;
		};
		40FB9B6A220FAFA800DAF07D /* Sources */ = {
			isa = PBXSourcesBuildPhase;
			buildActionMask = 2147483647;
			files = (
				40FB9B71220FAFA800DAF07D /* main.cpp in Sources */,
			);
			runOnlyForDeploymentPostprocessing = 0;
		};
/* End PBXSourcesBuildPhase section */

/* Begin XCBuildConfiguration section */
		40BE71251CEF9030002ADB25 /* Debug */ = {
			isa = XCBuildConfiguration;
			buildSettings = {
				CLANG_WARN_BLOCK_CAPTURE_AUTORELEASING = YES;
				CLANG_WARN_BOOL_CONVERSION = YES;
				CLANG_WARN_COMMA = YES;
				CLANG_WARN_CONSTANT_CONVERSION = YES;
				CLANG_WARN_DEPRECATED_OBJC_IMPLEMENTATIONS = YES;
				CLANG_WARN_EMPTY_BODY = YES;
				CLANG_WARN_ENUM_CONVERSION = YES;
				CLANG_WARN_INFINITE_RECURSION = YES;
				CLANG_WARN_INT_CONVERSION = YES;
				CLANG_WARN_NON_LITERAL_NULL_CONVERSION = YES;
				CLANG_WARN_OBJC_IMPLICIT_RETAIN_SELF = YES;
				CLANG_WARN_OBJC_LITERAL_CONVERSION = YES;
				CLANG_WARN_RANGE_LOOP_ANALYSIS = YES;
				CLANG_WARN_STRICT_PROTOTYPES = YES;
				CLANG_WARN_SUSPICIOUS_MOVE = YES;
				CLANG_WARN_UNREACHABLE_CODE = YES;
				CLANG_WARN__DUPLICATE_METHOD_MATCH = YES;
				ENABLE_STRICT_OBJC_MSGSEND = YES;
				ENABLE_TESTABILITY = YES;
				GCC_NO_COMMON_BLOCKS = YES;
				GCC_WARN_64_TO_32_BIT_CONVERSION = YES;
				GCC_WARN_ABOUT_RETURN_TYPE = YES;
				GCC_WARN_UNDECLARED_SELECTOR = YES;
				GCC_WARN_UNINITIALIZED_AUTOS = YES;
				GCC_WARN_UNUSED_FUNCTION = YES;
				GCC_WARN_UNUSED_VARIABLE = YES;
				ONLY_ACTIVE_ARCH = YES;
			};
			name = Debug;
		};
		40BE71261CEF9030002ADB25 /* Release */ = {
			isa = XCBuildConfiguration;
			buildSettings = {
				CLANG_WARN_BLOCK_CAPTURE_AUTORELEASING = YES;
				CLANG_WARN_BOOL_CONVERSION = YES;
				CLANG_WARN_COMMA = YES;
				CLANG_WARN_CONSTANT_CONVERSION = YES;
				CLANG_WARN_DEPRECATED_OBJC_IMPLEMENTATIONS = YES;
				CLANG_WARN_EMPTY_BODY = YES;
				CLANG_WARN_ENUM_CONVERSION = YES;
				CLANG_WARN_INFINITE_RECURSION = YES;
				CLANG_WARN_INT_CONVERSION = YES;
				CLANG_WARN_NON_LITERAL_NULL_CONVERSION = YES;
				CLANG_WARN_OBJC_IMPLICIT_RETAIN_SELF = YES;
				CLANG_WARN_OBJC_LITERAL_CONVERSION = YES;
				CLANG_WARN_RANGE_LOOP_ANALYSIS = YES;
				CLANG_WARN_STRICT_PROTOTYPES = YES;
				CLANG_WARN_SUSPICIOUS_MOVE = YES;
				CLANG_WARN_UNREACHABLE_CODE = YES;
				CLANG_WARN__DUPLICATE_METHOD_MATCH = YES;
				ENABLE_STRICT_OBJC_MSGSEND = YES;
				GCC_NO_COMMON_BLOCKS = YES;
				GCC_WARN_64_TO_32_BIT_CONVERSION = YES;
				GCC_WARN_ABOUT_RETURN_TYPE = YES;
				GCC_WARN_UNDECLARED_SELECTOR = YES;
				GCC_WARN_UNINITIALIZED_AUTOS = YES;
				GCC_WARN_UNUSED_FUNCTION = YES;
				GCC_WARN_UNUSED_VARIABLE = YES;
			};
			name = Release;
		};
		40BE71281CEF9030002ADB25 /* Debug */ = {
			isa = XCBuildConfiguration;
			baseConfigurationReference = 40BE712C1CEF9279002ADB25 /* BaseAna.xcconfig */;
			buildSettings = {
				CLANG_ENABLE_OBJC_WEAK = YES;
			};
			name = Debug;
		};
		40BE71291CEF9030002ADB25 /* Release */ = {
			isa = XCBuildConfiguration;
			baseConfigurationReference = 40BE712C1CEF9279002ADB25 /* BaseAna.xcconfig */;
			buildSettings = {
				CLANG_ENABLE_OBJC_WEAK = YES;
			};
			name = Release;
		};
		40FB9B72220FAFA800DAF07D /* Debug */ = {
			isa = XCBuildConfiguration;
			baseConfigurationReference = 40BE712C1CEF9279002ADB25 /* BaseAna.xcconfig */;
			buildSettings = {
				ALWAYS_SEARCH_USER_PATHS = NO;
				CLANG_ANALYZER_NONNULL = YES;
				CLANG_ANALYZER_NUMBER_OBJECT_CONVERSION = YES_AGGRESSIVE;
				CLANG_CXX_LANGUAGE_STANDARD = "gnu++14";
				CLANG_CXX_LIBRARY = "libc++";
				CLANG_ENABLE_MODULES = YES;
				CLANG_ENABLE_OBJC_ARC = YES;
				CLANG_ENABLE_OBJC_WEAK = YES;
				CLANG_WARN_BLOCK_CAPTURE_AUTORELEASING = YES;
				CLANG_WARN_BOOL_CONVERSION = YES;
				CLANG_WARN_COMMA = YES;
				CLANG_WARN_CONSTANT_CONVERSION = YES;
				CLANG_WARN_DEPRECATED_OBJC_IMPLEMENTATIONS = YES;
				CLANG_WARN_DIRECT_OBJC_ISA_USAGE = YES_ERROR;
				CLANG_WARN_DOCUMENTATION_COMMENTS = YES;
				CLANG_WARN_EMPTY_BODY = YES;
				CLANG_WARN_ENUM_CONVERSION = YES;
				CLANG_WARN_INFINITE_RECURSION = YES;
				CLANG_WARN_INT_CONVERSION = YES;
				CLANG_WARN_NON_LITERAL_NULL_CONVERSION = YES;
				CLANG_WARN_OBJC_IMPLICIT_RETAIN_SELF = YES;
				CLANG_WARN_OBJC_LITERAL_CONVERSION = YES;
				CLANG_WARN_OBJC_ROOT_CLASS = YES_ERROR;
				CLANG_WARN_RANGE_LOOP_ANALYSIS = YES;
				CLANG_WARN_STRICT_PROTOTYPES = YES;
				CLANG_WARN_SUSPICIOUS_MOVE = YES;
				CLANG_WARN_UNGUARDED_AVAILABILITY = YES_AGGRESSIVE;
				CLANG_WARN_UNREACHABLE_CODE = YES;
				CLANG_WARN__DUPLICATE_METHOD_MATCH = YES;
				CODE_SIGN_IDENTITY = "-";
				CODE_SIGN_STYLE = Automatic;
				COPY_PHASE_STRIP = NO;
				DEBUG_INFORMATION_FORMAT = dwarf;
				ENABLE_STRICT_OBJC_MSGSEND = YES;
				ENABLE_TESTABILITY = YES;
				GCC_C_LANGUAGE_STANDARD = gnu11;
				GCC_DYNAMIC_NO_PIC = NO;
				GCC_NO_COMMON_BLOCKS = YES;
				GCC_OPTIMIZATION_LEVEL = 0;
				GCC_PREPROCESSOR_DEFINITIONS = (
					"DEBUG=1",
					"$(inherited)",
				);
				GCC_WARN_64_TO_32_BIT_CONVERSION = YES;
				GCC_WARN_ABOUT_RETURN_TYPE = YES_ERROR;
				GCC_WARN_UNDECLARED_SELECTOR = YES;
				GCC_WARN_UNINITIALIZED_AUTOS = YES_AGGRESSIVE;
				GCC_WARN_UNUSED_FUNCTION = YES;
				GCC_WARN_UNUSED_VARIABLE = YES;
				MACOSX_DEPLOYMENT_TARGET = 10.14;
				MTL_ENABLE_DEBUG_INFO = INCLUDE_SOURCE;
				MTL_FAST_MATH = YES;
				ONLY_ACTIVE_ARCH = YES;
				PRODUCT_NAME = "$(TARGET_NAME)";
				SDKROOT = macosx;
			};
			name = Debug;
		};
		40FB9B73220FAFA800DAF07D /* Release */ = {
			isa = XCBuildConfiguration;
			baseConfigurationReference = 40BE712C1CEF9279002ADB25 /* BaseAna.xcconfig */;
			buildSettings = {
				ALWAYS_SEARCH_USER_PATHS = NO;
				CLANG_ANALYZER_NONNULL = YES;
				CLANG_ANALYZER_NUMBER_OBJECT_CONVERSION = YES_AGGRESSIVE;
				CLANG_CXX_LANGUAGE_STANDARD = "gnu++14";
				CLANG_CXX_LIBRARY = "libc++";
				CLANG_ENABLE_MODULES = YES;
				CLANG_ENABLE_OBJC_ARC = YES;
				CLANG_ENABLE_OBJC_WEAK = YES;
				CLANG_WARN_BLOCK_CAPTURE_AUTORELEASING = YES;
				CLANG_WARN_BOOL_CONVERSION = YES;
				CLANG_WARN_COMMA = YES;
				CLANG_WARN_CONSTANT_CONVERSION = YES;
				CLANG_WARN_DEPRECATED_OBJC_IMPLEMENTATIONS = YES;
				CLANG_WARN_DIRECT_OBJC_ISA_USAGE = YES_ERROR;
				CLANG_WARN_DOCUMENTATION_COMMENTS = YES;
				CLANG_WARN_EMPTY_BODY = YES;
				CLANG_WARN_ENUM_CONVERSION = YES;
				CLANG_WARN_INFINITE_RECURSION = YES;
				CLANG_WARN_INT_CONVERSION = YES;
				CLANG_WARN_NON_LITERAL_NULL_CONVERSION = YES;
				CLANG_WARN_OBJC_IMPLICIT_RETAIN_SELF = YES;
				CLANG_WARN_OBJC_LITERAL_CONVERSION = YES;
				CLANG_WARN_OBJC_ROOT_CLASS = YES_ERROR;
				CLANG_WARN_RANGE_LOOP_ANALYSIS = YES;
				CLANG_WARN_STRICT_PROTOTYPES = YES;
				CLANG_WARN_SUSPICIOUS_MOVE = YES;
				CLANG_WARN_UNGUARDED_AVAILABILITY = YES_AGGRESSIVE;
				CLANG_WARN_UNREACHABLE_CODE = YES;
				CLANG_WARN__DUPLICATE_METHOD_MATCH = YES;
				CODE_SIGN_IDENTITY = "-";
				CODE_SIGN_STYLE = Automatic;
				COPY_PHASE_STRIP = NO;
				DEBUG_INFORMATION_FORMAT = "dwarf-with-dsym";
				ENABLE_NS_ASSERTIONS = NO;
				ENABLE_STRICT_OBJC_MSGSEND = YES;
				GCC_C_LANGUAGE_STANDARD = gnu11;
				GCC_NO_COMMON_BLOCKS = YES;
				GCC_WARN_64_TO_32_BIT_CONVERSION = YES;
				GCC_WARN_ABOUT_RETURN_TYPE = YES_ERROR;
				GCC_WARN_UNDECLARED_SELECTOR = YES;
				GCC_WARN_UNINITIALIZED_AUTOS = YES_AGGRESSIVE;
				GCC_WARN_UNUSED_FUNCTION = YES;
				GCC_WARN_UNUSED_VARIABLE = YES;
				MACOSX_DEPLOYMENT_TARGET = 10.14;
				MTL_ENABLE_DEBUG_INFO = NO;
				MTL_FAST_MATH = YES;
				PRODUCT_NAME = "$(TARGET_NAME)";
				SDKROOT = macosx;
			};
			name = Release;
		};
/* End XCBuildConfiguration section */

/* Begin XCConfigurationList section */
		40BE71171CEF9030002ADB25 /* Build configuration list for PBXProject "BaseAna" */ = {
			isa = XCConfigurationList;
			buildConfigurations = (
				40BE71251CEF9030002ADB25 /* Debug */,
				40BE71261CEF9030002ADB25 /* Release */,
			);
			defaultConfigurationIsVisible = 0;
			defaultConfigurationName = Release;
		};
		40BE71271CEF9030002ADB25 /* Build configuration list for PBXNativeTarget "BaseAna" */ = {
			isa = XCConfigurationList;
			buildConfigurations = (
				40BE71281CEF9030002ADB25 /* Debug */,
				40BE71291CEF9030002ADB25 /* Release */,
			);
			defaultConfigurationIsVisible = 0;
			defaultConfigurationName = Release;
		};
		40FB9B74220FAFA800DAF07D /* Build configuration list for PBXNativeTarget "Test_BaseAna" */ = {
			isa = XCConfigurationList;
			buildConfigurations = (
				40FB9B72220FAFA800DAF07D /* Debug */,
				40FB9B73220FAFA800DAF07D /* Release */,
			);
			defaultConfigurationIsVisible = 0;
			defaultConfigurationName = Release;
		};
/* End XCConfigurationList section */
	};
	rootObject = 40BE71141CEF9030002ADB25 /* Project object */;
}
