// !$*UTF8*$!
{
	archiveVersion = 1;
	classes = {
	};
	objectVersion = 47;
	objects = {

/* Begin PBXBuildFile section */
		401A55381D0A0F450017AE2C /* libHpsEvent.dylib in Frameworks */ = {isa = PBXBuildFile; fileRef = 401A55371D0A0F450017AE2C /* libHpsEvent.dylib */; };
		404397221D42A1DC00CA0FCA /* PiZero_LinkDef.h in Sources */ = {isa = PBXBuildFile; fileRef = 40BE712B1CEF912D002ADB25 /* PiZero_LinkDef.h */; };
		40BE71241CEF9030002ADB25 /* PiZero.cpp in Sources */ = {isa = PBXBuildFile; fileRef = 40BE71231CEF9030002ADB25 /* PiZero.cpp */; };
		40D9686F1D0A429A00B48D9F /* libBaseAna.dylib in Frameworks */ = {isa = PBXBuildFile; fileRef = 40D9686E1D0A429A00B48D9F /* libBaseAna.dylib */; };
		40F260911D42AB6E00B8A096 /* PiZero.h in Headers */ = {isa = PBXBuildFile; fileRef = 40BE711F1CEF9030002ADB25 /* PiZero.h */; };
		40F5E0121D3467A4006D7BC0 /* main.cpp in Sources */ = {isa = PBXBuildFile; fileRef = 40F5E0111D3467A4006D7BC0 /* main.cpp */; };
		40F5E0161D3467E1006D7BC0 /* libPiZero.dylib in Frameworks */ = {isa = PBXBuildFile; fileRef = 40BE711C1CEF9030002ADB25 /* libPiZero.dylib */; };
/* End PBXBuildFile section */

/* Begin PBXBuildRule section */
		40BE71321CEFAC91002ADB25 /* PBXBuildRule */ = {
			isa = PBXBuildRule;
			compilerSpec = com.apple.compilers.proxy.script;
			filePatterns = "*_LinkDef.h";
			fileType = pattern.proxy;
			isEditable = 1;
			name = "Create Dictionaries from '*.h'";
			outputFiles = (
				"$(DERIVED_FILE_DIR)/${PRODUCT_MODULE_NAME}Dict.cpp",
				"$(DERIVED_FILE_DIR)/${PRODUCT_MODULE_NAME}Dict_rdict.pcm",
			);
			script = "#\n# Script to create the dictionary for a multi class LinkDef file.\n# The names of the header files are extracted from the LinkDef file.\n# The name of the dictionary files will be based on the PRODUCT_MODULE_NAME\n#\necho \"INPUT_FILE_NAME = ${INPUT_FILE_NAME}\"\necho \"INPUT_FILE_BASE = ${INPUT_FILE_BASE}\"\necho \"PRODUCT_MODULE_NAME = ${PRODUCT_MODULE_NAME}\"\nHEADER_LIST=`cat ${INPUT_FILE_DIR}/${INPUT_FILE_NAME} | gawk '/pragma *link *C++.*class /{a=$5;print gensub(/+;/,\"\",\"g\",a)\".h\" }' `\necho \"HEADER_LIST = ${HEADER_LIST}\"\nHEADER_LIST_FULL=`for i in $HEADER_LIST; do echo ${INPUT_FILE_DIR}/${i}; done`\necho \"HEADER_LIST_FULL = ${HEADER_LIST_FULL}\"\necho ${ROOTSYS}/bin/rootcint -f ${DERIVED_FILES_DIR}/${PRODUCT_MODULE_NAME}Dict.cpp -c -p -I${HEADER_SEARCH_PATHS// / -I} ${HEADER_LIST_FULL} ${INPUT_FILE_DIR}/${INPUT_FILE_NAME}\n\ntest -d ${DERIVED_FILES_DIR} || mkdir -p ${DERIVED_FILES_DIR}\n${ROOTSYS}/bin/rootcint -f ${DERIVED_FILES_DIR}/${PRODUCT_MODULE_NAME}Dict.cpp -c -p -I${HEADER_SEARCH_PATHS// / -I} ${HEADER_LIST_FULL} ${INPUT_FILE_DIR}/${INPUT_FILE_NAME}\n        \n        \n# For ROOT 6 copy the pcm file to the LIB install path.\ntest -d ${DSTROOT}/${DYLIB_INSTALL_NAME_BASE} || mkdir -p ${DSTROOT}/${DYLIB_INSTALL_NAME_BASE}\ntest -d ${BUILT_PRODUCTS_DIR} || mkdir -p ${BUILT_PRODUCTS_DIR}\n# ls ${DERIVED_FILE_DIR}\n# This puts the pcm files in the ${DSTROOT}/${INSTALL_PATH} directory.\necho \"Send dict file to: \" ${DSTROOT}/${DYLIB_INSTALL_NAME_BASE}\nif test -r ${DERIVED_FILES_DIR}/${PRODUCT_MODULE_NAME}Dict_rdict.pcm; then cp -f ${DERIVED_FILES_DIR}/${PRODUCT_MODULE_NAME}Dict_rdict.pcm ${DSTROOT}/${DYLIB_INSTALL_NAME_BASE}/${PRODUCT_MODULE_NAME}Dict_rdict.pcm ; fi\n# cp  ${DERIVED_FILE_DIR}/${DICT_BASE_NAME}Dict_rdict.pcm ${DYLIB_INSTALL_NAME_BASE}\n# This send the pcm files to to build product dir\necho \"Send file rdict.pcm to: \" ${BUILT_PRODUCTS_DIR}\nif test -r ${DERIVED_FILE_DIR}/${PRODUCT_MODULE_NAME}Dict_rdict.pcm; then cp -f ${DERIVED_FILES_DIR}/${PRODUCT_MODULE_NAME}Dict_rdict.pcm ${BUILT_PRODUCTS_DIR}/${PRODUCT_MODULE_NAME}Dict_rdict.pcm ; fi";
		};
/* End PBXBuildRule section */

/* Begin PBXCopyFilesBuildPhase section */
		402314831D074AEB00396BE5 /* CopyFiles */ = {
			isa = PBXCopyFilesBuildPhase;
			buildActionMask = 2147483647;
			dstPath = "";
			dstSubfolderSpec = 6;
			files = (
			);
			runOnlyForDeploymentPostprocessing = 0;
		};
		40F5E00D1D3467A4006D7BC0 /* CopyFiles */ = {
			isa = PBXCopyFilesBuildPhase;
			buildActionMask = 2147483647;
			dstPath = /usr/share/man/man1/;
			dstSubfolderSpec = 0;
			files = (
			);
			runOnlyForDeploymentPostprocessing = 1;
		};
/* End PBXCopyFilesBuildPhase section */

/* Begin PBXFileReference section */
		401A55371D0A0F450017AE2C /* libHpsEvent.dylib */ = {isa = PBXFileReference; lastKnownFileType = "compiled.mach-o.dylib"; name = libHpsEvent.dylib; path = ../Release/libHpsEvent.dylib; sourceTree = "<group>"; };
		40BE711C1CEF9030002ADB25 /* libPiZero.dylib */ = {isa = PBXFileReference; explicitFileType = "compiled.mach-o.dylib"; includeInIndex = 0; path = libPiZero.dylib; sourceTree = BUILT_PRODUCTS_DIR; };
		40BE711F1CEF9030002ADB25 /* PiZero.h */ = {isa = PBXFileReference; lastKnownFileType = sourcecode.c.h; path = PiZero.h; sourceTree = "<group>"; };
		40BE71231CEF9030002ADB25 /* PiZero.cpp */ = {isa = PBXFileReference; lastKnownFileType = sourcecode.cpp.cpp; path = PiZero.cpp; sourceTree = "<group>"; };
		40BE712B1CEF912D002ADB25 /* PiZero_LinkDef.h */ = {isa = PBXFileReference; lastKnownFileType = sourcecode.c.h; path = PiZero_LinkDef.h; sourceTree = "<group>"; };
		40BE712C1CEF9279002ADB25 /* PiZero.xcconfig */ = {isa = PBXFileReference; lastKnownFileType = text.xcconfig; path = PiZero.xcconfig; sourceTree = "<group>"; };
		40BE712D1CEF9346002ADB25 /* PiZero_Debug.xcconfig */ = {isa = PBXFileReference; lastKnownFileType = text.xcconfig; path = PiZero_Debug.xcconfig; sourceTree = "<group>"; };
		40BE712E1CEF936F002ADB25 /* PiZero_Release.xcconfig */ = {isa = PBXFileReference; lastKnownFileType = text.xcconfig; path = PiZero_Release.xcconfig; sourceTree = "<group>"; };
		40D9686E1D0A429A00B48D9F /* libBaseAna.dylib */ = {isa = PBXFileReference; lastKnownFileType = "compiled.mach-o.dylib"; name = libBaseAna.dylib; path = ../Release/libBaseAna.dylib; sourceTree = "<group>"; };
		40F5E00F1D3467A4006D7BC0 /* TestPiZero */ = {isa = PBXFileReference; explicitFileType = "compiled.mach-o.executable"; includeInIndex = 0; path = TestPiZero; sourceTree = BUILT_PRODUCTS_DIR; };
		40F5E0111D3467A4006D7BC0 /* main.cpp */ = {isa = PBXFileReference; lastKnownFileType = sourcecode.cpp.cpp; path = main.cpp; sourceTree = "<group>"; };
		40F5E0171D346922006D7BC0 /* TestPiZero.xcconfig */ = {isa = PBXFileReference; lastKnownFileType = text.xcconfig; path = TestPiZero.xcconfig; sourceTree = "<group>"; };
/* End PBXFileReference section */

/* Begin PBXFrameworksBuildPhase section */
		40BE71191CEF9030002ADB25 /* Frameworks */ = {
			isa = PBXFrameworksBuildPhase;
			buildActionMask = 2147483647;
			files = (
				40D9686F1D0A429A00B48D9F /* libBaseAna.dylib in Frameworks */,
				401A55381D0A0F450017AE2C /* libHpsEvent.dylib in Frameworks */,
			);
			runOnlyForDeploymentPostprocessing = 0;
		};
		40F5E00C1D3467A4006D7BC0 /* Frameworks */ = {
			isa = PBXFrameworksBuildPhase;
			buildActionMask = 2147483647;
			files = (
				40F5E0161D3467E1006D7BC0 /* libPiZero.dylib in Frameworks */,
			);
			runOnlyForDeploymentPostprocessing = 0;
		};
/* End PBXFrameworksBuildPhase section */

/* Begin PBXGroup section */
		40BE71131CEF9030002ADB25 = {
			isa = PBXGroup;
			children = (
				40D9686E1D0A429A00B48D9F /* libBaseAna.dylib */,
				401A55371D0A0F450017AE2C /* libHpsEvent.dylib */,
				40BE712A1CEF90A5002ADB25 /* Config */,
				40BE711E1CEF9030002ADB25 /* PiZero */,
				40F5E0101D3467A4006D7BC0 /* TestPiZero */,
				40BE711D1CEF9030002ADB25 /* Products */,
			);
			sourceTree = "<group>";
		};
		40BE711D1CEF9030002ADB25 /* Products */ = {
			isa = PBXGroup;
			children = (
				40BE711C1CEF9030002ADB25 /* libPiZero.dylib */,
				40F5E00F1D3467A4006D7BC0 /* TestPiZero */,
			);
			name = Products;
			sourceTree = "<group>";
		};
		40BE711E1CEF9030002ADB25 /* PiZero */ = {
			isa = PBXGroup;
			children = (
				40BE712B1CEF912D002ADB25 /* PiZero_LinkDef.h */,
				40BE711F1CEF9030002ADB25 /* PiZero.h */,
				40BE71231CEF9030002ADB25 /* PiZero.cpp */,
			);
			path = PiZero;
			sourceTree = "<group>";
		};
		40BE712A1CEF90A5002ADB25 /* Config */ = {
			isa = PBXGroup;
			children = (
				40BE712C1CEF9279002ADB25 /* PiZero.xcconfig */,
				40BE712D1CEF9346002ADB25 /* PiZero_Debug.xcconfig */,
				40BE712E1CEF936F002ADB25 /* PiZero_Release.xcconfig */,
				40F5E0171D346922006D7BC0 /* TestPiZero.xcconfig */,
			);
			name = Config;
			sourceTree = "<group>";
		};
		40F5E0101D3467A4006D7BC0 /* TestPiZero */ = {
			isa = PBXGroup;
			children = (
				40F5E0111D3467A4006D7BC0 /* main.cpp */,
			);
			path = TestPiZero;
			sourceTree = "<group>";
		};
/* End PBXGroup section */

/* Begin PBXHeadersBuildPhase section */
		40BE711A1CEF9030002ADB25 /* Headers */ = {
			isa = PBXHeadersBuildPhase;
			buildActionMask = 2147483647;
			files = (
				40F260911D42AB6E00B8A096 /* PiZero.h in Headers */,
			);
			runOnlyForDeploymentPostprocessing = 0;
		};
/* End PBXHeadersBuildPhase section */

/* Begin PBXNativeTarget section */
		40BE711B1CEF9030002ADB25 /* PiZero */ = {
			isa = PBXNativeTarget;
			buildConfigurationList = 40BE71271CEF9030002ADB25 /* Build configuration list for PBXNativeTarget "PiZero" */;
			buildPhases = (
				40BE71181CEF9030002ADB25 /* Sources */,
				40BE71191CEF9030002ADB25 /* Frameworks */,
				40BE711A1CEF9030002ADB25 /* Headers */,
				402314831D074AEB00396BE5 /* CopyFiles */,
			);
			buildRules = (
				40BE71321CEFAC91002ADB25 /* PBXBuildRule */,
			);
			dependencies = (
			);
			name = PiZero;
			productName = PiZero;
			productReference = 40BE711C1CEF9030002ADB25 /* libPiZero.dylib */;
			productType = "com.apple.product-type.library.dynamic";
		};
		40F5E00E1D3467A4006D7BC0 /* TestPiZero */ = {
			isa = PBXNativeTarget;
			buildConfigurationList = 40F5E0151D3467A4006D7BC0 /* Build configuration list for PBXNativeTarget "TestPiZero" */;
			buildPhases = (
				40F5E00B1D3467A4006D7BC0 /* Sources */,
				40F5E00C1D3467A4006D7BC0 /* Frameworks */,
				40F5E00D1D3467A4006D7BC0 /* CopyFiles */,
			);
			buildRules = (
			);
			dependencies = (
			);
			name = TestPiZero;
			productName = TestPiZero;
			productReference = 40F5E00F1D3467A4006D7BC0 /* TestPiZero */;
			productType = "com.apple.product-type.tool";
		};
/* End PBXNativeTarget section */

/* Begin PBXProject section */
		40BE71141CEF9030002ADB25 /* Project object */ = {
			isa = PBXProject;
			attributes = {
				LastUpgradeCheck = 0730;
				ORGANIZATIONNAME = Maurik;
				TargetAttributes = {
					40BE711B1CEF9030002ADB25 = {
						CreatedOnToolsVersion = 7.3.1;
					};
					40F5E00E1D3467A4006D7BC0 = {
						CreatedOnToolsVersion = 7.3.1;
					};
				};
			};
			buildConfigurationList = 40BE71171CEF9030002ADB25 /* Build configuration list for PBXProject "PiZero" */;
			compatibilityVersion = "Xcode 6.3";
			developmentRegion = English;
			hasScannedForEncodings = 0;
			knownRegions = (
				en,
			);
			mainGroup = 40BE71131CEF9030002ADB25;
			productRefGroup = 40BE711D1CEF9030002ADB25 /* Products */;
			projectDirPath = "";
			projectRoot = "";
			targets = (
				40BE711B1CEF9030002ADB25 /* PiZero */,
				40F5E00E1D3467A4006D7BC0 /* TestPiZero */,
			);
		};
/* End PBXProject section */

/* Begin PBXSourcesBuildPhase section */
		40BE71181CEF9030002ADB25 /* Sources */ = {
			isa = PBXSourcesBuildPhase;
			buildActionMask = 2147483647;
			files = (
				40BE71241CEF9030002ADB25 /* PiZero.cpp in Sources */,
				404397221D42A1DC00CA0FCA /* PiZero_LinkDef.h in Sources */,
			);
			runOnlyForDeploymentPostprocessing = 0;
		};
		40F5E00B1D3467A4006D7BC0 /* Sources */ = {
			isa = PBXSourcesBuildPhase;
			buildActionMask = 2147483647;
			files = (
				40F5E0121D3467A4006D7BC0 /* main.cpp in Sources */,
			);
			runOnlyForDeploymentPostprocessing = 0;
		};
/* End PBXSourcesBuildPhase section */

/* Begin XCBuildConfiguration section */
		40BE71251CEF9030002ADB25 /* Debug */ = {
			isa = XCBuildConfiguration;
			buildSettings = {
				ALWAYS_SEARCH_USER_PATHS = NO;
				CLANG_ANALYZER_NONNULL = YES;
				CLANG_CXX_LANGUAGE_STANDARD = "gnu++0x";
				CLANG_CXX_LIBRARY = "libc++";
				CLANG_ENABLE_MODULES = YES;
				CLANG_ENABLE_OBJC_ARC = YES;
				CLANG_WARN_BOOL_CONVERSION = YES;
				CLANG_WARN_CONSTANT_CONVERSION = YES;
				CLANG_WARN_DIRECT_OBJC_ISA_USAGE = YES_ERROR;
				CLANG_WARN_EMPTY_BODY = YES;
				CLANG_WARN_ENUM_CONVERSION = YES;
				CLANG_WARN_INT_CONVERSION = YES;
				CLANG_WARN_OBJC_ROOT_CLASS = YES_ERROR;
				CLANG_WARN_UNREACHABLE_CODE = YES;
				CLANG_WARN__DUPLICATE_METHOD_MATCH = YES;
				CODE_SIGN_IDENTITY = "-";
				COPY_PHASE_STRIP = NO;
				DEBUG_INFORMATION_FORMAT = dwarf;
				ENABLE_STRICT_OBJC_MSGSEND = YES;
				ENABLE_TESTABILITY = YES;
				GCC_C_LANGUAGE_STANDARD = gnu99;
				GCC_DYNAMIC_NO_PIC = NO;
				GCC_NO_COMMON_BLOCKS = YES;
				GCC_OPTIMIZATION_LEVEL = 0;
				GCC_PREPROCESSOR_DEFINITIONS = (
					"DEBUG=1",
					"$(inherited)",
				);
				GCC_WARN_ABOUT_RETURN_TYPE = YES_ERROR;
				GCC_WARN_UNDECLARED_SELECTOR = YES;
				GCC_WARN_UNINITIALIZED_AUTOS = YES_AGGRESSIVE;
				GCC_WARN_UNUSED_FUNCTION = YES;
				GCC_WARN_UNUSED_VARIABLE = YES;
				MACOSX_DEPLOYMENT_TARGET = 10.11;
				MTL_ENABLE_DEBUG_INFO = YES;
				ONLY_ACTIVE_ARCH = YES;
				SDKROOT = macosx;
			};
			name = Debug;
		};
		40BE71261CEF9030002ADB25 /* Release */ = {
			isa = XCBuildConfiguration;
			buildSettings = {
				ALWAYS_SEARCH_USER_PATHS = NO;
				CLANG_ANALYZER_NONNULL = YES;
				CLANG_CXX_LANGUAGE_STANDARD = "gnu++0x";
				CLANG_CXX_LIBRARY = "libc++";
				CLANG_ENABLE_MODULES = YES;
				CLANG_ENABLE_OBJC_ARC = YES;
				CLANG_WARN_BOOL_CONVERSION = YES;
				CLANG_WARN_CONSTANT_CONVERSION = YES;
				CLANG_WARN_DIRECT_OBJC_ISA_USAGE = YES_ERROR;
				CLANG_WARN_EMPTY_BODY = YES;
				CLANG_WARN_ENUM_CONVERSION = YES;
				CLANG_WARN_INT_CONVERSION = YES;
				CLANG_WARN_OBJC_ROOT_CLASS = YES_ERROR;
				CLANG_WARN_UNREACHABLE_CODE = YES;
				CLANG_WARN__DUPLICATE_METHOD_MATCH = YES;
				CODE_SIGN_IDENTITY = "-";
				COPY_PHASE_STRIP = NO;
				DEBUG_INFORMATION_FORMAT = "dwarf-with-dsym";
				ENABLE_NS_ASSERTIONS = NO;
				ENABLE_STRICT_OBJC_MSGSEND = YES;
				GCC_C_LANGUAGE_STANDARD = gnu99;
				GCC_NO_COMMON_BLOCKS = YES;
				GCC_WARN_ABOUT_RETURN_TYPE = YES_ERROR;
				GCC_WARN_UNDECLARED_SELECTOR = YES;
				GCC_WARN_UNINITIALIZED_AUTOS = YES_AGGRESSIVE;
				GCC_WARN_UNUSED_FUNCTION = YES;
				GCC_WARN_UNUSED_VARIABLE = YES;
				MACOSX_DEPLOYMENT_TARGET = 10.11;
				MTL_ENABLE_DEBUG_INFO = NO;
				SDKROOT = macosx;
			};
			name = Release;
		};
		40BE71281CEF9030002ADB25 /* Debug */ = {
			isa = XCBuildConfiguration;
			baseConfigurationReference = 40BE712D1CEF9346002ADB25 /* PiZero_Debug.xcconfig */;
			buildSettings = {
				DEPLOYMENT_POSTPROCESSING = YES;
				DYLIB_COMPATIBILITY_VERSION = 1;
				DYLIB_CURRENT_VERSION = 1;
				EXECUTABLE_PREFIX = lib;
				GCC_ENABLE_CPP_EXCEPTIONS = YES;
				GCC_ENABLE_CPP_RTTI = YES;
				PRODUCT_NAME = "$(TARGET_NAME)";
				STRIP_INSTALLED_PRODUCT = NO;
			};
			name = Debug;
		};
		40BE71291CEF9030002ADB25 /* Release */ = {
			isa = XCBuildConfiguration;
			baseConfigurationReference = 40BE712E1CEF936F002ADB25 /* PiZero_Release.xcconfig */;
			buildSettings = {
				DEPLOYMENT_POSTPROCESSING = YES;
				DYLIB_COMPATIBILITY_VERSION = 1;
				DYLIB_CURRENT_VERSION = 1;
				EXECUTABLE_PREFIX = lib;
				GCC_ENABLE_CPP_EXCEPTIONS = YES;
				GCC_ENABLE_CPP_RTTI = YES;
				PRODUCT_NAME = "$(TARGET_NAME)";
				STRIP_INSTALLED_PRODUCT = NO;
			};
			name = Release;
		};
		40F5E0131D3467A4006D7BC0 /* Debug */ = {
			isa = XCBuildConfiguration;
			baseConfigurationReference = 40F5E0171D346922006D7BC0 /* TestPiZero.xcconfig */;
			buildSettings = {
				GCC_WARN_64_TO_32_BIT_CONVERSION = YES;
				PRODUCT_NAME = "$(TARGET_NAME)";
			};
			name = Debug;
		};
		40F5E0141D3467A4006D7BC0 /* Release */ = {
			isa = XCBuildConfiguration;
			baseConfigurationReference = 40F5E0171D346922006D7BC0 /* TestPiZero.xcconfig */;
			buildSettings = {
				GCC_WARN_64_TO_32_BIT_CONVERSION = YES;
				PRODUCT_NAME = "$(TARGET_NAME)";
			};
			name = Release;
		};
/* End XCBuildConfiguration section */

/* Begin XCConfigurationList section */
		40BE71171CEF9030002ADB25 /* Build configuration list for PBXProject "PiZero" */ = {
			isa = XCConfigurationList;
			buildConfigurations = (
				40BE71251CEF9030002ADB25 /* Debug */,
				40BE71261CEF9030002ADB25 /* Release */,
			);
			defaultConfigurationIsVisible = 0;
			defaultConfigurationName = Release;
		};
		40BE71271CEF9030002ADB25 /* Build configuration list for PBXNativeTarget "PiZero" */ = {
			isa = XCConfigurationList;
			buildConfigurations = (
				40BE71281CEF9030002ADB25 /* Debug */,
				40BE71291CEF9030002ADB25 /* Release */,
			);
			defaultConfigurationIsVisible = 0;
			defaultConfigurationName = Release;
		};
		40F5E0151D3467A4006D7BC0 /* Build configuration list for PBXNativeTarget "TestPiZero" */ = {
			isa = XCConfigurationList;
			buildConfigurations = (
				40F5E0131D3467A4006D7BC0 /* Debug */,
				40F5E0141D3467A4006D7BC0 /* Release */,
			);
			defaultConfigurationIsVisible = 0;
			defaultConfigurationName = Release;
		};
/* End XCConfigurationList section */
	};
	rootObject = 40BE71141CEF9030002ADB25 /* Project object */;
}
